
Microsoft Visual Studio Solution File, Format Version 12.00
# Visual Studio 15
VisualStudioVersion = 15.0.26730.15
MinimumVisualStudioVersion = 10.0.40219.1
Project("{FAE04EC0-301F-11D3-BF4B-00C04F79EFBC}") = "ContactApplication.WebApi", "ContactApplication.WebApi\ContactApplication.WebApi.csproj", "{ECBCB0C6-5674-4820-AFE8-4C84A6AB7E5D}"
EndProject
Project("{FAE04EC0-301F-11D3-BF4B-00C04F79EFBC}") = "ContactApplication.Application", "ContactApplication.Application\ContactApplication.Application.csproj", "{99B9E0CD-5C85-47F4-A557-AC732D14E979}"
EndProject
Project("{FAE04EC0-301F-11D3-BF4B-00C04F79EFBC}") = "ContactApplication.Database", "ContactApplication.Database\ContactApplication.Database.csproj", "{175B7A26-65E6-46DC-A575-7C6F52F142D4}"
EndProject
Project("{FAE04EC0-301F-11D3-BF4B-00C04F79EFBC}") = "ContactApplication.Remote", "ContactApplication.Remote\ContactApplication.Remote.csproj", "{47DA769C-C39D-4833-9095-5BE21BD54767}"
EndProject
Global
	GlobalSection(SolutionConfigurationPlatforms) = preSolution
		Debug|Any CPU = Debug|Any CPU
		Release|Any CPU = Release|Any CPU
	EndGlobalSection
	GlobalSection(ProjectConfigurationPlatforms) = postSolution
		{ECBCB0C6-5674-4820-AFE8-4C84A6AB7E5D}.Debug|Any CPU.ActiveCfg = Debug|Any CPU
		{ECBCB0C6-5674-4820-AFE8-4C84A6AB7E5D}.Debug|Any CPU.Build.0 = Debug|Any CPU
		{ECBCB0C6-5674-4820-AFE8-4C84A6AB7E5D}.Release|Any CPU.ActiveCfg = Release|Any CPU
		{ECBCB0C6-5674-4820-AFE8-4C84A6AB7E5D}.Release|Any CPU.Build.0 = Release|Any CPU
		{99B9E0CD-5C85-47F4-A557-AC732D14E979}.Debug|Any CPU.ActiveCfg = Debug|Any CPU
		{99B9E0CD-5C85-47F4-A557-AC732D14E979}.Debug|Any CPU.Build.0 = Debug|Any CPU
		{99B9E0CD-5C85-47F4-A557-AC732D14E979}.Release|Any CPU.ActiveCfg = Release|Any CPU
		{99B9E0CD-5C85-47F4-A557-AC732D14E979}.Release|Any CPU.Build.0 = Release|Any CPU
		{175B7A26-65E6-46DC-A575-7C6F52F142D4}.Debug|Any CPU.ActiveCfg = Debug|Any CPU
		{175B7A26-65E6-46DC-A575-7C6F52F142D4}.Debug|Any CPU.Build.0 = Debug|Any CPU
		{175B7A26-65E6-46DC-A575-7C6F52F142D4}.Release|Any CPU.ActiveCfg = Release|Any CPU
		{175B7A26-65E6-46DC-A575-7C6F52F142D4}.Release|Any CPU.Build.0 = Release|Any CPU
		{47DA769C-C39D-4833-9095-5BE21BD54767}.Debug|Any CPU.ActiveCfg = Debug|Any CPU
		{47DA769C-C39D-4833-9095-5BE21BD54767}.Debug|Any CPU.Build.0 = Debug|Any CPU
		{47DA769C-C39D-4833-9095-5BE21BD54767}.Release|Any CPU.ActiveCfg = Release|Any CPU
		{47DA769C-C39D-4833-9095-5BE21BD54767}.Release|Any CPU.Build.0 = Release|Any CPU
	EndGlobalSection
	GlobalSection(SolutionProperties) = preSolution
		HideSolutionNode = FALSE
	EndGlobalSection
	GlobalSection(ExtensibilityGlobals) = postSolution
		SolutionGuid = {1F32E7DE-312B-43D4-BF7A-59C88BE8A875}
	EndGlobalSection
EndGlobal
